
Microsoft Visual Studio Solution File, Format Version 12.00
# Visual Studio 2012
Project("{FAE04EC0-301F-11D3-BF4B-00C04F79EFBC}") = "AlgorithmCase", "ConsoleApplication1\AlgorithmCase.csproj", "{BDA20794-5668-4EE4-A06F-F959AA7A36CC}"
EndProject
Global
	GlobalSection(SolutionConfigurationPlatforms) = preSolution
		Debug|Any CPU = Debug|Any CPU
		Release|Any CPU = Release|Any CPU
	EndGlobalSection
	GlobalSection(ProjectConfigurationPlatforms) = postSolution
		{BDA20794-5668-4EE4-A06F-F959AA7A36CC}.Debug|Any CPU.ActiveCfg = Debug|Any CPU
		{BDA20794-5668-4EE4-A06F-F959AA7A36CC}.Debug|Any CPU.Build.0 = Debug|Any CPU
		{BDA20794-5668-4EE4-A06F-F959AA7A36CC}.Release|Any CPU.ActiveCfg = Release|Any CPU
		{BDA20794-5668-4EE4-A06F-F959AA7A36CC}.Release|Any CPU.Build.0 = Release|Any CPU
	EndGlobalSection
	GlobalSection(SolutionProperties) = preSolution
		HideSolutionNode = FALSE
	EndGlobalSection
EndGlobal
